
Microsoft Visual Studio Solution File, Format Version 12.00
# Visual Studio 15
Project("{FAE04EC0-301F-11D3-BF4B-00C04F79EFBC}") = "Unity.Timeline", "Unity.Timeline.csproj", "{0FB26030-A8A3-8302-79F3-7E757D16BEB5}"
EndProject
Project("{FAE04EC0-301F-11D3-BF4B-00C04F79EFBC}") = "Unity.InputSystem", "Unity.InputSystem.csproj", "{3E7264B5-7F98-BF17-EF9D-2C9B408E05BC}"
EndProject
Project("{FAE04EC0-301F-11D3-BF4B-00C04F79EFBC}") = "Unity.PlasticSCM.Editor", "Unity.PlasticSCM.Editor.csproj", "{4F3CA56A-7D12-4D80-1F4F-69AED7418F73}"
EndProject
Project("{FAE04EC0-301F-11D3-BF4B-00C04F79EFBC}") = "Unity.VisualScripting.Flow", "Unity.VisualScripting.Flow.csproj", "{33ABBBD2-00E0-5C35-3FDB-580518423F8E}"
EndProject
Project("{FAE04EC0-301F-11D3-BF4B-00C04F79EFBC}") = "Unity.Timeline.Editor", "Unity.Timeline.Editor.csproj", "{F822AEA3-32E4-5A69-8845-36A152C6B22D}"
EndProject
Project("{FAE04EC0-301F-11D3-BF4B-00C04F79EFBC}") = "Unity.Splines.Editor", "Unity.Splines.Editor.csproj", "{C1C023B5-9413-9843-637A-BCB2CC866E87}"
EndProject
Project("{FAE04EC0-301F-11D3-BF4B-00C04F79EFBC}") = "Unity.Mathematics", "Unity.Mathematics.csproj", "{B6FAFA26-5DE8-E30A-1B0A-B27B0DC47730}"
EndProject
Project("{FAE04EC0-301F-11D3-BF4B-00C04F79EFBC}") = "Unity.Cinemachine.Editor", "Unity.Cinemachine.Editor.csproj", "{36D63B85-28CE-7DB5-86AD-5F549A0E73E0}"
EndProject
Project("{FAE04EC0-301F-11D3-BF4B-00C04F79EFBC}") = "Unity.Multiplayer.Center.Editor", "Unity.Multiplayer.Center.Editor.csproj", "{0B56BBC6-08F8-7AAD-E037-6B5F7D21D61F}"
EndProject
Project("{FAE04EC0-301F-11D3-BF4B-00C04F79EFBC}") = "Unity.VisualScripting.Core.Editor", "Unity.VisualScripting.Core.Editor.csproj", "{1FBB6D57-311C-9E37-145E-19B10ACC96B6}"
EndProject
Project("{FAE04EC0-301F-11D3-BF4B-00C04F79EFBC}") = "UnityEngine.UI", "UnityEngine.UI.csproj", "{A689954D-5AFF-0802-0089-EB59A6E6324E}"
EndProject
Project("{FAE04EC0-301F-11D3-BF4B-00C04F79EFBC}") = "UnityEditor.TestRunner", "UnityEditor.TestRunner.csproj", "{58ADCCAB-C7E9-0FB9-D269-FB88A9FF710B}"
EndProject
Project("{FAE04EC0-301F-11D3-BF4B-00C04F79EFBC}") = "Assembly-CSharp-Editor", "Assembly-CSharp-Editor.csproj", "{A9CF2A05-6036-F484-998F-15C6AADF81AC}"
EndProject
Project("{FAE04EC0-301F-11D3-BF4B-00C04F79EFBC}") = "UnityEngine.TestRunner", "UnityEngine.TestRunner.csproj", "{F186DD6E-F0AB-13B8-1BBA-8E76531D1402}"
EndProject
Project("{FAE04EC0-301F-11D3-BF4B-00C04F79EFBC}") = "Unity.VisualScripting.Core", "Unity.VisualScripting.Core.csproj", "{CF4098F3-6CA4-30FB-8BE9-69E0E50D5D3F}"
EndProject
Project("{FAE04EC0-301F-11D3-BF4B-00C04F79EFBC}") = "Unity.VisualScripting.Flow.Editor", "Unity.VisualScripting.Flow.Editor.csproj", "{87AD04CF-8BD9-C2BB-0213-ECE61A19DCC7}"
EndProject
Project("{FAE04EC0-301F-11D3-BF4B-00C04F79EFBC}") = "Unity.Splines", "Unity.Splines.csproj", "{88A525EC-EDCB-13B6-F2BB-502F5750DE47}"
EndProject
Project("{FAE04EC0-301F-11D3-BF4B-00C04F79EFBC}") = "Assembly-CSharp", "Assembly-CSharp.csproj", "{E87EBF63-3D41-426F-DBAB-220D8644D93D}"
EndProject
Project("{FAE04EC0-301F-11D3-BF4B-00C04F79EFBC}") = "Unity.VisualStudio.Editor", "Unity.VisualStudio.Editor.csproj", "{A44DE2D4-6702-1334-D31A-0536B3974CE4}"
EndProject
Project("{FAE04EC0-301F-11D3-BF4B-00C04F79EFBC}") = "Unity.TextMeshPro.Editor", "Unity.TextMeshPro.Editor.csproj", "{91142EB0-804F-1857-A3BF-741CBEB84492}"
EndProject
Project("{FAE04EC0-301F-11D3-BF4B-00C04F79EFBC}") = "Unity.TestTools.CodeCoverage.Editor.OpenCover.Model", "Unity.TestTools.CodeCoverage.Editor.OpenCover.Model.csproj", "{D9464EB3-B705-4AD5-9969-CA3AF04D1B27}"
EndProject
Project("{FAE04EC0-301F-11D3-BF4B-00C04F79EFBC}") = "Unity.Rider.Editor", "Unity.Rider.Editor.csproj", "{99DF058D-0892-4DA0-E6E3-2A858B0341DC}"
EndProject
Project("{FAE04EC0-301F-11D3-BF4B-00C04F79EFBC}") = "Unity.Cinemachine", "Unity.Cinemachine.csproj", "{59F3B774-7F81-7CAE-8230-218F59DD2D77}"
EndProject
Project("{FAE04EC0-301F-11D3-BF4B-00C04F79EFBC}") = "Unity.CollabProxy.Editor", "Unity.CollabProxy.Editor.csproj", "{2E05CB2B-F667-10E6-2B42-EFED0B89FF73}"
EndProject
Project("{FAE04EC0-301F-11D3-BF4B-00C04F79EFBC}") = "Unity.VisualScripting.State.Editor", "Unity.VisualScripting.State.Editor.csproj", "{93ED1639-460C-3C76-EC45-98981BD99016}"
EndProject
Project("{FAE04EC0-301F-11D3-BF4B-00C04F79EFBC}") = "Unity.TestTools.CodeCoverage.Editor", "Unity.TestTools.CodeCoverage.Editor.csproj", "{5CC4860B-22AD-1C0F-BA9B-AC80433E97A5}"
EndProject
Project("{FAE04EC0-301F-11D3-BF4B-00C04F79EFBC}") = "Unity.VisualScripting.State", "Unity.VisualScripting.State.csproj", "{9B8074E9-47B5-E0CF-2EEC-5B10DEE9A01D}"
EndProject
Project("{FAE04EC0-301F-11D3-BF4B-00C04F79EFBC}") = "Unity.Performance.Profile-Analyzer.Editor", "Unity.Performance.Profile-Analyzer.Editor.csproj", "{3E5FC381-5A16-C05C-073A-7A1961D9C8EC}"
EndProject
Project("{FAE04EC0-301F-11D3-BF4B-00C04F79EFBC}") = "UnityEditor.UI", "UnityEditor.UI.csproj", "{54252085-4879-3B7A-1678-6D864ED9A820}"
EndProject
Project("{FAE04EC0-301F-11D3-BF4B-00C04F79EFBC}") = "Unity.TextMeshPro", "Unity.TextMeshPro.csproj", "{631485FE-6B3C-CE6A-7F9D-F1EE7E1EE303}"
EndProject
Project("{FAE04EC0-301F-11D3-BF4B-00C04F79EFBC}") = "Unity.VisualScripting.SettingsProvider.Editor", "Unity.VisualScripting.SettingsProvider.Editor.csproj", "{E38653B7-2BBF-3AFA-5A2D-E5A8C9ACD848}"
EndProject
Project("{FAE04EC0-301F-11D3-BF4B-00C04F79EFBC}") = "Unity.TestTools.CodeCoverage.Editor.OpenCover.Mono.Reflection", "Unity.TestTools.CodeCoverage.Editor.OpenCover.Mono.Reflection.csproj", "{7434CA11-7B59-20F7-208F-35860176CDD8}"
EndProject
Project("{FAE04EC0-301F-11D3-BF4B-00C04F79EFBC}") = "Unity.Settings.Editor", "Unity.Settings.Editor.csproj", "{69AFEBDA-A002-7AD8-F52B-E25E95C0B017}"
EndProject
Project("{FAE04EC0-301F-11D3-BF4B-00C04F79EFBC}") = "Unity.InputSystem.DocCodeSamples", "Unity.InputSystem.DocCodeSamples.csproj", "{03D30658-D7F5-888C-C9ED-2DB7C837AA30}"
EndProject
Project("{FAE04EC0-301F-11D3-BF4B-00C04F79EFBC}") = "Unity.Multiplayer.Center.Common", "Unity.Multiplayer.Center.Common.csproj", "{FB325B8B-165B-9F45-68C2-EC46BBA33770}"
EndProject
Project("{FAE04EC0-301F-11D3-BF4B-00C04F79EFBC}") = "Unity.InputSystem.ForUI", "Unity.InputSystem.ForUI.csproj", "{38C09BEF-EBD9-A81B-EDA5-6D2696F2A269}"
EndProject
Project("{FAE04EC0-301F-11D3-BF4B-00C04F79EFBC}") = "Unity.Mathematics.Editor", "Unity.Mathematics.Editor.csproj", "{728E6A34-3AB3-7EFF-B7A5-97B76B297F01}"
EndProject
Project("{FAE04EC0-301F-11D3-BF4B-00C04F79EFBC}") = "Unity.InputSystem.TestFramework", "Unity.InputSystem.TestFramework.csproj", "{2D57B519-83C3-D013-B849-43B543580A37}"
EndProject
Project("{FAE04EC0-301F-11D3-BF4B-00C04F79EFBC}") = "Unity.VisualScripting.Shared.Editor", "Unity.VisualScripting.Shared.Editor.csproj", "{161611BF-5B0C-55F8-31C3-39A925C6D2C6}"
EndProject
Project("{FAE04EC0-301F-11D3-BF4B-00C04F79EFBC}") = "Unity.EditorCoroutines.Editor", "Unity.EditorCoroutines.Editor.csproj", "{B563704A-06CA-E273-C810-465C4D2ADDB1}"
EndProject
Global
	GlobalSection(SolutionConfigurationPlatforms) = preSolution
		Debug|Any CPU = Debug|Any CPU
		Release|Any CPU = Release|Any CPU
	EndGlobalSection
	GlobalSection(ProjectConfigurationPlatforms) = postSolution
		{0FB26030-A8A3-8302-79F3-7E757D16BEB5}.Debug|Any CPU.ActiveCfg = Debug|Any CPU
		{0FB26030-A8A3-8302-79F3-7E757D16BEB5}.Debug|Any CPU.Build.0 = Debug|Any CPU
		{0FB26030-A8A3-8302-79F3-7E757D16BEB5}.Release|Any CPU.ActiveCfg = Release|Any CPU
		{0FB26030-A8A3-8302-79F3-7E757D16BEB5}.Release|Any CPU.Build.0 = Release|Any CPU
		{3E7264B5-7F98-BF17-EF9D-2C9B408E05BC}.Debug|Any CPU.ActiveCfg = Debug|Any CPU
		{3E7264B5-7F98-BF17-EF9D-2C9B408E05BC}.Debug|Any CPU.Build.0 = Debug|Any CPU
		{3E7264B5-7F98-BF17-EF9D-2C9B408E05BC}.Release|Any CPU.ActiveCfg = Release|Any CPU
		{3E7264B5-7F98-BF17-EF9D-2C9B408E05BC}.Release|Any CPU.Build.0 = Release|Any CPU
		{4F3CA56A-7D12-4D80-1F4F-69AED7418F73}.Debug|Any CPU.ActiveCfg = Debug|Any CPU
		{4F3CA56A-7D12-4D80-1F4F-69AED7418F73}.Debug|Any CPU.Build.0 = Debug|Any CPU
		{4F3CA56A-7D12-4D80-1F4F-69AED7418F73}.Release|Any CPU.ActiveCfg = Release|Any CPU
		{4F3CA56A-7D12-4D80-1F4F-69AED7418F73}.Release|Any CPU.Build.0 = Release|Any CPU
		{33ABBBD2-00E0-5C35-3FDB-580518423F8E}.Debug|Any CPU.ActiveCfg = Debug|Any CPU
		{33ABBBD2-00E0-5C35-3FDB-580518423F8E}.Debug|Any CPU.Build.0 = Debug|Any CPU
		{33ABBBD2-00E0-5C35-3FDB-580518423F8E}.Release|Any CPU.ActiveCfg = Release|Any CPU
		{33ABBBD2-00E0-5C35-3FDB-580518423F8E}.Release|Any CPU.Build.0 = Release|Any CPU
		{F822AEA3-32E4-5A69-8845-36A152C6B22D}.Debug|Any CPU.ActiveCfg = Debug|Any CPU
		{F822AEA3-32E4-5A69-8845-36A152C6B22D}.Debug|Any CPU.Build.0 = Debug|Any CPU
		{F822AEA3-32E4-5A69-8845-36A152C6B22D}.Release|Any CPU.ActiveCfg = Release|Any CPU
		{F822AEA3-32E4-5A69-8845-36A152C6B22D}.Release|Any CPU.Build.0 = Release|Any CPU
		{C1C023B5-9413-9843-637A-BCB2CC866E87}.Debug|Any CPU.ActiveCfg = Debug|Any CPU
		{C1C023B5-9413-9843-637A-BCB2CC866E87}.Debug|Any CPU.Build.0 = Debug|Any CPU
		{C1C023B5-9413-9843-637A-BCB2CC866E87}.Release|Any CPU.ActiveCfg = Release|Any CPU
		{C1C023B5-9413-9843-637A-BCB2CC866E87}.Release|Any CPU.Build.0 = Release|Any CPU
		{B6FAFA26-5DE8-E30A-1B0A-B27B0DC47730}.Debug|Any CPU.ActiveCfg = Debug|Any CPU
		{B6FAFA26-5DE8-E30A-1B0A-B27B0DC47730}.Debug|Any CPU.Build.0 = Debug|Any CPU
		{B6FAFA26-5DE8-E30A-1B0A-B27B0DC47730}.Release|Any CPU.ActiveCfg = Release|Any CPU
		{B6FAFA26-5DE8-E30A-1B0A-B27B0DC47730}.Release|Any CPU.Build.0 = Release|Any CPU
		{36D63B85-28CE-7DB5-86AD-5F549A0E73E0}.Debug|Any CPU.ActiveCfg = Debug|Any CPU
		{36D63B85-28CE-7DB5-86AD-5F549A0E73E0}.Debug|Any CPU.Build.0 = Debug|Any CPU
		{36D63B85-28CE-7DB5-86AD-5F549A0E73E0}.Release|Any CPU.ActiveCfg = Release|Any CPU
		{36D63B85-28CE-7DB5-86AD-5F549A0E73E0}.Release|Any CPU.Build.0 = Release|Any CPU
		{0B56BBC6-08F8-7AAD-E037-6B5F7D21D61F}.Debug|Any CPU.ActiveCfg = Debug|Any CPU
		{0B56BBC6-08F8-7AAD-E037-6B5F7D21D61F}.Debug|Any CPU.Build.0 = Debug|Any CPU
		{0B56BBC6-08F8-7AAD-E037-6B5F7D21D61F}.Release|Any CPU.ActiveCfg = Release|Any CPU
		{0B56BBC6-08F8-7AAD-E037-6B5F7D21D61F}.Release|Any CPU.Build.0 = Release|Any CPU
		{1FBB6D57-311C-9E37-145E-19B10ACC96B6}.Debug|Any CPU.ActiveCfg = Debug|Any CPU
		{1FBB6D57-311C-9E37-145E-19B10ACC96B6}.Debug|Any CPU.Build.0 = Debug|Any CPU
		{1FBB6D57-311C-9E37-145E-19B10ACC96B6}.Release|Any CPU.ActiveCfg = Release|Any CPU
		{1FBB6D57-311C-9E37-145E-19B10ACC96B6}.Release|Any CPU.Build.0 = Release|Any CPU
		{A689954D-5AFF-0802-0089-EB59A6E6324E}.Debug|Any CPU.ActiveCfg = Debug|Any CPU
		{A689954D-5AFF-0802-0089-EB59A6E6324E}.Debug|Any CPU.Build.0 = Debug|Any CPU
		{A689954D-5AFF-0802-0089-EB59A6E6324E}.Release|Any CPU.ActiveCfg = Release|Any CPU
		{A689954D-5AFF-0802-0089-EB59A6E6324E}.Release|Any CPU.Build.0 = Release|Any CPU
		{58ADCCAB-C7E9-0FB9-D269-FB88A9FF710B}.Debug|Any CPU.ActiveCfg = Debug|Any CPU
		{58ADCCAB-C7E9-0FB9-D269-FB88A9FF710B}.Debug|Any CPU.Build.0 = Debug|Any CPU
		{58ADCCAB-C7E9-0FB9-D269-FB88A9FF710B}.Release|Any CPU.ActiveCfg = Release|Any CPU
		{58ADCCAB-C7E9-0FB9-D269-FB88A9FF710B}.Release|Any CPU.Build.0 = Release|Any CPU
		{A9CF2A05-6036-F484-998F-15C6AADF81AC}.Debug|Any CPU.ActiveCfg = Debug|Any CPU
		{A9CF2A05-6036-F484-998F-15C6AADF81AC}.Debug|Any CPU.Build.0 = Debug|Any CPU
		{A9CF2A05-6036-F484-998F-15C6AADF81AC}.Release|Any CPU.ActiveCfg = Release|Any CPU
		{A9CF2A05-6036-F484-998F-15C6AADF81AC}.Release|Any CPU.Build.0 = Release|Any CPU
		{F186DD6E-F0AB-13B8-1BBA-8E76531D1402}.Debug|Any CPU.ActiveCfg = Debug|Any CPU
		{F186DD6E-F0AB-13B8-1BBA-8E76531D1402}.Debug|Any CPU.Build.0 = Debug|Any CPU
		{F186DD6E-F0AB-13B8-1BBA-8E76531D1402}.Release|Any CPU.ActiveCfg = Release|Any CPU
		{F186DD6E-F0AB-13B8-1BBA-8E76531D1402}.Release|Any CPU.Build.0 = Release|Any CPU
		{CF4098F3-6CA4-30FB-8BE9-69E0E50D5D3F}.Debug|Any CPU.ActiveCfg = Debug|Any CPU
		{CF4098F3-6CA4-30FB-8BE9-69E0E50D5D3F}.Debug|Any CPU.Build.0 = Debug|Any CPU
		{CF4098F3-6CA4-30FB-8BE9-69E0E50D5D3F}.Release|Any CPU.ActiveCfg = Release|Any CPU
		{CF4098F3-6CA4-30FB-8BE9-69E0E50D5D3F}.Release|Any CPU.Build.0 = Release|Any CPU
		{87AD04CF-8BD9-C2BB-0213-ECE61A19DCC7}.Debug|Any CPU.ActiveCfg = Debug|Any CPU
		{87AD04CF-8BD9-C2BB-0213-ECE61A19DCC7}.Debug|Any CPU.Build.0 = Debug|Any CPU
		{87AD04CF-8BD9-C2BB-0213-ECE61A19DCC7}.Release|Any CPU.ActiveCfg = Release|Any CPU
		{87AD04CF-8BD9-C2BB-0213-ECE61A19DCC7}.Release|Any CPU.Build.0 = Release|Any CPU
		{88A525EC-EDCB-13B6-F2BB-502F5750DE47}.Debug|Any CPU.ActiveCfg = Debug|Any CPU
		{88A525EC-EDCB-13B6-F2BB-502F5750DE47}.Debug|Any CPU.Build.0 = Debug|Any CPU
		{88A525EC-EDCB-13B6-F2BB-502F5750DE47}.Release|Any CPU.ActiveCfg = Release|Any CPU
		{88A525EC-EDCB-13B6-F2BB-502F5750DE47}.Release|Any CPU.Build.0 = Release|Any CPU
		{E87EBF63-3D41-426F-DBAB-220D8644D93D}.Debug|Any CPU.ActiveCfg = Debug|Any CPU
		{E87EBF63-3D41-426F-DBAB-220D8644D93D}.Debug|Any CPU.Build.0 = Debug|Any CPU
		{E87EBF63-3D41-426F-DBAB-220D8644D93D}.Release|Any CPU.ActiveCfg = Release|Any CPU
		{E87EBF63-3D41-426F-DBAB-220D8644D93D}.Release|Any CPU.Build.0 = Release|Any CPU
		{A44DE2D4-6702-1334-D31A-0536B3974CE4}.Debug|Any CPU.ActiveCfg = Debug|Any CPU
		{A44DE2D4-6702-1334-D31A-0536B3974CE4}.Debug|Any CPU.Build.0 = Debug|Any CPU
		{A44DE2D4-6702-1334-D31A-0536B3974CE4}.Release|Any CPU.ActiveCfg = Release|Any CPU
		{A44DE2D4-6702-1334-D31A-0536B3974CE4}.Release|Any CPU.Build.0 = Release|Any CPU
		{91142EB0-804F-1857-A3BF-741CBEB84492}.Debug|Any CPU.ActiveCfg = Debug|Any CPU
		{91142EB0-804F-1857-A3BF-741CBEB84492}.Debug|Any CPU.Build.0 = Debug|Any CPU
		{91142EB0-804F-1857-A3BF-741CBEB84492}.Release|Any CPU.ActiveCfg = Release|Any CPU
		{91142EB0-804F-1857-A3BF-741CBEB84492}.Release|Any CPU.Build.0 = Release|Any CPU
		{D9464EB3-B705-4AD5-9969-CA3AF04D1B27}.Debug|Any CPU.ActiveCfg = Debug|Any CPU
		{D9464EB3-B705-4AD5-9969-CA3AF04D1B27}.Debug|Any CPU.Build.0 = Debug|Any CPU
		{D9464EB3-B705-4AD5-9969-CA3AF04D1B27}.Release|Any CPU.ActiveCfg = Release|Any CPU
		{D9464EB3-B705-4AD5-9969-CA3AF04D1B27}.Release|Any CPU.Build.0 = Release|Any CPU
		{99DF058D-0892-4DA0-E6E3-2A858B0341DC}.Debug|Any CPU.ActiveCfg = Debug|Any CPU
		{99DF058D-0892-4DA0-E6E3-2A858B0341DC}.Debug|Any CPU.Build.0 = Debug|Any CPU
		{99DF058D-0892-4DA0-E6E3-2A858B0341DC}.Release|Any CPU.ActiveCfg = Release|Any CPU
		{99DF058D-0892-4DA0-E6E3-2A858B0341DC}.Release|Any CPU.Build.0 = Release|Any CPU
		{59F3B774-7F81-7CAE-8230-218F59DD2D77}.Debug|Any CPU.ActiveCfg = Debug|Any CPU
		{59F3B774-7F81-7CAE-8230-218F59DD2D77}.Debug|Any CPU.Build.0 = Debug|Any CPU
		{59F3B774-7F81-7CAE-8230-218F59DD2D77}.Release|Any CPU.ActiveCfg = Release|Any CPU
		{59F3B774-7F81-7CAE-8230-218F59DD2D77}.Release|Any CPU.Build.0 = Release|Any CPU
		{2E05CB2B-F667-10E6-2B42-EFED0B89FF73}.Debug|Any CPU.ActiveCfg = Debug|Any CPU
		{2E05CB2B-F667-10E6-2B42-EFED0B89FF73}.Debug|Any CPU.Build.0 = Debug|Any CPU
		{2E05CB2B-F667-10E6-2B42-EFED0B89FF73}.Release|Any CPU.ActiveCfg = Release|Any CPU
		{2E05CB2B-F667-10E6-2B42-EFED0B89FF73}.Release|Any CPU.Build.0 = Release|Any CPU
		{93ED1639-460C-3C76-EC45-98981BD99016}.Debug|Any CPU.ActiveCfg = Debug|Any CPU
		{93ED1639-460C-3C76-EC45-98981BD99016}.Debug|Any CPU.Build.0 = Debug|Any CPU
		{93ED1639-460C-3C76-EC45-98981BD99016}.Release|Any CPU.ActiveCfg = Release|Any CPU
		{93ED1639-460C-3C76-EC45-98981BD99016}.Release|Any CPU.Build.0 = Release|Any CPU
		{5CC4860B-22AD-1C0F-BA9B-AC80433E97A5}.Debug|Any CPU.ActiveCfg = Debug|Any CPU
		{5CC4860B-22AD-1C0F-BA9B-AC80433E97A5}.Debug|Any CPU.Build.0 = Debug|Any CPU
		{5CC4860B-22AD-1C0F-BA9B-AC80433E97A5}.Release|Any CPU.ActiveCfg = Release|Any CPU
		{5CC4860B-22AD-1C0F-BA9B-AC80433E97A5}.Release|Any CPU.Build.0 = Release|Any CPU
		{9B8074E9-47B5-E0CF-2EEC-5B10DEE9A01D}.Debug|Any CPU.ActiveCfg = Debug|Any CPU
		{9B8074E9-47B5-E0CF-2EEC-5B10DEE9A01D}.Debug|Any CPU.Build.0 = Debug|Any CPU
		{9B8074E9-47B5-E0CF-2EEC-5B10DEE9A01D}.Release|Any CPU.ActiveCfg = Release|Any CPU
		{9B8074E9-47B5-E0CF-2EEC-5B10DEE9A01D}.Release|Any CPU.Build.0 = Release|Any CPU
		{3E5FC381-5A16-C05C-073A-7A1961D9C8EC}.Debug|Any CPU.ActiveCfg = Debug|Any CPU
		{3E5FC381-5A16-C05C-073A-7A1961D9C8EC}.Debug|Any CPU.Build.0 = Debug|Any CPU
		{3E5FC381-5A16-C05C-073A-7A1961D9C8EC}.Release|Any CPU.ActiveCfg = Release|Any CPU
		{3E5FC381-5A16-C05C-073A-7A1961D9C8EC}.Release|Any CPU.Build.0 = Release|Any CPU
		{54252085-4879-3B7A-1678-6D864ED9A820}.Debug|Any CPU.ActiveCfg = Debug|Any CPU
		{54252085-4879-3B7A-1678-6D864ED9A820}.Debug|Any CPU.Build.0 = Debug|Any CPU
		{54252085-4879-3B7A-1678-6D864ED9A820}.Release|Any CPU.ActiveCfg = Release|Any CPU
		{54252085-4879-3B7A-1678-6D864ED9A820}.Release|Any CPU.Build.0 = Release|Any CPU
		{631485FE-6B3C-CE6A-7F9D-F1EE7E1EE303}.Debug|Any CPU.ActiveCfg = Debug|Any CPU
		{631485FE-6B3C-CE6A-7F9D-F1EE7E1EE303}.Debug|Any CPU.Build.0 = Debug|Any CPU
		{631485FE-6B3C-CE6A-7F9D-F1EE7E1EE303}.Release|Any CPU.ActiveCfg = Release|Any CPU
		{631485FE-6B3C-CE6A-7F9D-F1EE7E1EE303}.Release|Any CPU.Build.0 = Release|Any CPU
		{E38653B7-2BBF-3AFA-5A2D-E5A8C9ACD848}.Debug|Any CPU.ActiveCfg = Debug|Any CPU
		{E38653B7-2BBF-3AFA-5A2D-E5A8C9ACD848}.Debug|Any CPU.Build.0 = Debug|Any CPU
		{E38653B7-2BBF-3AFA-5A2D-E5A8C9ACD848}.Release|Any CPU.ActiveCfg = Release|Any CPU
		{E38653B7-2BBF-3AFA-5A2D-E5A8C9ACD848}.Release|Any CPU.Build.0 = Release|Any CPU
		{7434CA11-7B59-20F7-208F-35860176CDD8}.Debug|Any CPU.ActiveCfg = Debug|Any CPU
		{7434CA11-7B59-20F7-208F-35860176CDD8}.Debug|Any CPU.Build.0 = Debug|Any CPU
		{7434CA11-7B59-20F7-208F-35860176CDD8}.Release|Any CPU.ActiveCfg = Release|Any CPU
		{7434CA11-7B59-20F7-208F-35860176CDD8}.Release|Any CPU.Build.0 = Release|Any CPU
		{69AFEBDA-A002-7AD8-F52B-E25E95C0B017}.Debug|Any CPU.ActiveCfg = Debug|Any CPU
		{69AFEBDA-A002-7AD8-F52B-E25E95C0B017}.Debug|Any CPU.Build.0 = Debug|Any CPU
		{69AFEBDA-A002-7AD8-F52B-E25E95C0B017}.Release|Any CPU.ActiveCfg = Release|Any CPU
		{69AFEBDA-A002-7AD8-F52B-E25E95C0B017}.Release|Any CPU.Build.0 = Release|Any CPU
		{03D30658-D7F5-888C-C9ED-2DB7C837AA30}.Debug|Any CPU.ActiveCfg = Debug|Any CPU
		{03D30658-D7F5-888C-C9ED-2DB7C837AA30}.Debug|Any CPU.Build.0 = Debug|Any CPU
		{03D30658-D7F5-888C-C9ED-2DB7C837AA30}.Release|Any CPU.ActiveCfg = Release|Any CPU
		{03D30658-D7F5-888C-C9ED-2DB7C837AA30}.Release|Any CPU.Build.0 = Release|Any CPU
		{FB325B8B-165B-9F45-68C2-EC46BBA33770}.Debug|Any CPU.ActiveCfg = Debug|Any CPU
		{FB325B8B-165B-9F45-68C2-EC46BBA33770}.Debug|Any CPU.Build.0 = Debug|Any CPU
		{FB325B8B-165B-9F45-68C2-EC46BBA33770}.Release|Any CPU.ActiveCfg = Release|Any CPU
		{FB325B8B-165B-9F45-68C2-EC46BBA33770}.Release|Any CPU.Build.0 = Release|Any CPU
		{38C09BEF-EBD9-A81B-EDA5-6D2696F2A269}.Debug|Any CPU.ActiveCfg = Debug|Any CPU
		{38C09BEF-EBD9-A81B-EDA5-6D2696F2A269}.Debug|Any CPU.Build.0 = Debug|Any CPU
		{38C09BEF-EBD9-A81B-EDA5-6D2696F2A269}.Release|Any CPU.ActiveCfg = Release|Any CPU
		{38C09BEF-EBD9-A81B-EDA5-6D2696F2A269}.Release|Any CPU.Build.0 = Release|Any CPU
		{728E6A34-3AB3-7EFF-B7A5-97B76B297F01}.Debug|Any CPU.ActiveCfg = Debug|Any CPU
		{728E6A34-3AB3-7EFF-B7A5-97B76B297F01}.Debug|Any CPU.Build.0 = Debug|Any CPU
		{728E6A34-3AB3-7EFF-B7A5-97B76B297F01}.Release|Any CPU.ActiveCfg = Release|Any CPU
		{728E6A34-3AB3-7EFF-B7A5-97B76B297F01}.Release|Any CPU.Build.0 = Release|Any CPU
		{2D57B519-83C3-D013-B849-43B543580A37}.Debug|Any CPU.ActiveCfg = Debug|Any CPU
		{2D57B519-83C3-D013-B849-43B543580A37}.Debug|Any CPU.Build.0 = Debug|Any CPU
		{2D57B519-83C3-D013-B849-43B543580A37}.Release|Any CPU.ActiveCfg = Release|Any CPU
		{2D57B519-83C3-D013-B849-43B543580A37}.Release|Any CPU.Build.0 = Release|Any CPU
		{161611BF-5B0C-55F8-31C3-39A925C6D2C6}.Debug|Any CPU.ActiveCfg = Debug|Any CPU
		{161611BF-5B0C-55F8-31C3-39A925C6D2C6}.Debug|Any CPU.Build.0 = Debug|Any CPU
		{161611BF-5B0C-55F8-31C3-39A925C6D2C6}.Release|Any CPU.ActiveCfg = Release|Any CPU
		{161611BF-5B0C-55F8-31C3-39A925C6D2C6}.Release|Any CPU.Build.0 = Release|Any CPU
		{B563704A-06CA-E273-C810-465C4D2ADDB1}.Debug|Any CPU.ActiveCfg = Debug|Any CPU
		{B563704A-06CA-E273-C810-465C4D2ADDB1}.Debug|Any CPU.Build.0 = Debug|Any CPU
		{B563704A-06CA-E273-C810-465C4D2ADDB1}.Release|Any CPU.ActiveCfg = Release|Any CPU
		{B563704A-06CA-E273-C810-465C4D2ADDB1}.Release|Any CPU.Build.0 = Release|Any CPU
	EndGlobalSection
	GlobalSection(SolutionProperties) = preSolution
		HideSolutionNode = FALSE
	EndGlobalSection
EndGlobal
